
Microsoft Visual Studio Solution File, Format Version 12.00
# Visual Studio Version 16
VisualStudioVersion = 16.0.31205.134
MinimumVisualStudioVersion = 10.0.40219.1
Project("{FAE04EC0-301F-11D3-BF4B-00C04F79EFBC}") = "Classes", "Classes.csproj", "{688FE510-A98A-4D71-8B3E-043029E3AD2B}"
EndProject
Global
	GlobalSection(SolutionConfigurationPlatforms) = preSolution
		Debug|Any CPU = Debug|Any CPU
		Release|Any CPU = Release|Any CPU
	EndGlobalSection
	GlobalSection(ProjectConfigurationPlatforms) = postSolution
		{688FE510-A98A-4D71-8B3E-043029E3AD2B}.Debug|Any CPU.ActiveCfg = Debug|Any CPU
		{688FE510-A98A-4D71-8B3E-043029E3AD2B}.Debug|Any CPU.Build.0 = Debug|Any CPU
		{688FE510-A98A-4D71-8B3E-043029E3AD2B}.Release|Any CPU.ActiveCfg = Release|Any CPU
		{688FE510-A98A-4D71-8B3E-043029E3AD2B}.Release|Any CPU.Build.0 = Release|Any CPU
	EndGlobalSection
	GlobalSection(SolutionProperties) = preSolution
		HideSolutionNode = FALSE
	EndGlobalSection
	GlobalSection(ExtensibilityGlobals) = postSolution
		SolutionGuid = {483DD49B-42C8-482E-B59B-BB85C1CE1DEF}
	EndGlobalSection
EndGlobal
